
Microsoft Visual Studio Solution File, Format Version 12.00
# Visual Studio Version 16
VisualStudioVersion = 16.0.29709.97
MinimumVisualStudioVersion = 10.0.40219.1
Project("{FAE04EC0-301F-11D3-BF4B-00C04F79EFBC}") = "Swisschain.Extensions.MassTransit", "src\Swisschain.Extensions.MassTransit\Swisschain.Extensions.MassTransit.csproj", "{05864855-52BC-48CA-83E8-E7B83FEF319D}"
EndProject
Global
	GlobalSection(SolutionConfigurationPlatforms) = preSolution
		Debug|Any CPU = Debug|Any CPU
		Release|Any CPU = Release|Any CPU
	EndGlobalSection
	GlobalSection(ProjectConfigurationPlatforms) = postSolution
		{05864855-52BC-48CA-83E8-E7B83FEF319D}.Debug|Any CPU.ActiveCfg = Debug|Any CPU
		{05864855-52BC-48CA-83E8-E7B83FEF319D}.Debug|Any CPU.Build.0 = Debug|Any CPU
		{05864855-52BC-48CA-83E8-E7B83FEF319D}.Release|Any CPU.ActiveCfg = Release|Any CPU
		{05864855-52BC-48CA-83E8-E7B83FEF319D}.Release|Any CPU.Build.0 = Release|Any CPU
	EndGlobalSection
	GlobalSection(SolutionProperties) = preSolution
		HideSolutionNode = FALSE
	EndGlobalSection
	GlobalSection(ExtensibilityGlobals) = postSolution
		SolutionGuid = {B4BE940B-5667-456C-918D-9971C52C097F}
	EndGlobalSection
EndGlobal
